
Microsoft Visual Studio Solution File, Format Version 12.00
# Visual Studio Version 17
VisualStudioVersion = 17.2.32630.192
MinimumVisualStudioVersion = 10.0.40219.1
Project("{FAE04EC0-301F-11D3-BF4B-00C04F79EFBC}") = "RadzenBlazorTest", "RadzenBlazorTest\RadzenBlazorTest.csproj", "{3D80AC5D-C98E-4BD4-AAD7-2ED93CFC7C4B}"
EndProject
Global
	GlobalSection(SolutionConfigurationPlatforms) = preSolution
		Debug|Any CPU = Debug|Any CPU
		Release|Any CPU = Release|Any CPU
	EndGlobalSection
	GlobalSection(ProjectConfigurationPlatforms) = postSolution
		{3D80AC5D-C98E-4BD4-AAD7-2ED93CFC7C4B}.Debug|Any CPU.ActiveCfg = Debug|Any CPU
		{3D80AC5D-C98E-4BD4-AAD7-2ED93CFC7C4B}.Debug|Any CPU.Build.0 = Debug|Any CPU
		{3D80AC5D-C98E-4BD4-AAD7-2ED93CFC7C4B}.Release|Any CPU.ActiveCfg = Release|Any CPU
		{3D80AC5D-C98E-4BD4-AAD7-2ED93CFC7C4B}.Release|Any CPU.Build.0 = Release|Any CPU
	EndGlobalSection
	GlobalSection(SolutionProperties) = preSolution
		HideSolutionNode = FALSE
	EndGlobalSection
	GlobalSection(ExtensibilityGlobals) = postSolution
		SolutionGuid = {E0C6B32D-36FB-4BB1-94EA-95ADEA539D84}
	EndGlobalSection
EndGlobal
